
Microsoft Visual Studio Solution File, Format Version 12.00
# Visual Studio Version 16
VisualStudioVersion = 16.0.30413.136
MinimumVisualStudioVersion = 10.0.40219.1
Project("{FAE04EC0-301F-11D3-BF4B-00C04F79EFBC}") = "SFTPService", "SFTPService\SFTPService.csproj", "{0210D467-1C89-4E06-B2BA-C7A2A279DF00}"
EndProject
Project("{54435603-DBB4-11D2-8724-00A0C9A8B90C}") = "Setup", "Setup\Setup.vdproj", "{784A026C-69BB-46A8-8982-40000F4EE693}"
EndProject
Global
	GlobalSection(SolutionConfigurationPlatforms) = preSolution
		Debug|Any CPU = Debug|Any CPU
		Debug|x86 = Debug|x86
		Release|Any CPU = Release|Any CPU
		Release|x86 = Release|x86
	EndGlobalSection
	GlobalSection(ProjectConfigurationPlatforms) = postSolution
		{0210D467-1C89-4E06-B2BA-C7A2A279DF00}.Debug|Any CPU.ActiveCfg = Debug|Any CPU
		{0210D467-1C89-4E06-B2BA-C7A2A279DF00}.Debug|Any CPU.Build.0 = Debug|Any CPU
		{0210D467-1C89-4E06-B2BA-C7A2A279DF00}.Debug|x86.ActiveCfg = Debug|x86
		{0210D467-1C89-4E06-B2BA-C7A2A279DF00}.Debug|x86.Build.0 = Debug|x86
		{0210D467-1C89-4E06-B2BA-C7A2A279DF00}.Release|Any CPU.ActiveCfg = Release|Any CPU
		{0210D467-1C89-4E06-B2BA-C7A2A279DF00}.Release|Any CPU.Build.0 = Release|Any CPU
		{0210D467-1C89-4E06-B2BA-C7A2A279DF00}.Release|x86.ActiveCfg = Release|x86
		{0210D467-1C89-4E06-B2BA-C7A2A279DF00}.Release|x86.Build.0 = Release|x86
		{784A026C-69BB-46A8-8982-40000F4EE693}.Debug|Any CPU.ActiveCfg = Debug
		{784A026C-69BB-46A8-8982-40000F4EE693}.Debug|x86.ActiveCfg = Debug
		{784A026C-69BB-46A8-8982-40000F4EE693}.Debug|x86.Build.0 = Debug
		{784A026C-69BB-46A8-8982-40000F4EE693}.Release|Any CPU.ActiveCfg = Release
		{784A026C-69BB-46A8-8982-40000F4EE693}.Release|x86.ActiveCfg = Release
		{784A026C-69BB-46A8-8982-40000F4EE693}.Release|x86.Build.0 = Release
	EndGlobalSection
	GlobalSection(SolutionProperties) = preSolution
		HideSolutionNode = FALSE
	EndGlobalSection
	GlobalSection(ExtensibilityGlobals) = postSolution
		SolutionGuid = {AC1F7256-FA2D-429F-BE31-91D74C2711A0}
	EndGlobalSection
EndGlobal
